{
  "version": 4,
  "terraform_version": "1.3.4",
  "serial": 17,
  "lineage": "99813419-b2fa-63ae-ed46-365118e1d292",
  "outputs": {},
  "resources": [
    {
      "mode": "data",
      "type": "azurerm_client_config",
      "name": "current",
      "provider": "provider[\"registry.terraform.io/hashicorp/azurerm\"]",
      "instances": [
        {
          "schema_version": 0,
          "attributes": {
            "client_id": "04b07795-8ddb-461a-bbee-02f9e1bf7b46",
            "id": "Y2xpZW50Q29uZmlncy9jbGllbnRJZD0wNGIwNzc5NS04ZGRiLTQ2MWEtYmJlZS0wMmY5ZTFiZjdiNDY7b2JqZWN0SWQ9ZTk0NjQ0MDEtMDUwNC00OGZmLTk3NzAtOTI0ZWJhNjFjYmQwO3N1YnNjcmlwdGlvbklkPTlhZGZiZDZiLWZmYWQtNGI3Yy05YzBkLWRkNzRhNjlkNjAwZDt0ZW5hbnRJZD05N2UxOTgyYi0zNzVjLTQ2MGUtOTA3MS05MDY3ZGU4NjM4OGI=",
            "object_id": "e9464401-0504-48ff-9770-924eba61cbd0",
            "subscription_id": "9adfbd6b-ffad-4b7c-9c0d-dd74a69d600d",
            "tenant_id": "97e1982b-375c-460e-9071-9067de86388b",
            "timeouts": null
          },
          "sensitive_attributes": []
        }
      ]
    },
    {
      "mode": "managed",
      "type": "azurerm_key_vault",
      "name": "main",
      "provider": "provider[\"registry.terraform.io/hashicorp/azurerm\"]",
      "instances": [
        {
          "schema_version": 2,
          "attributes": {
            "access_policy": [
              {
                "application_id": "",
                "certificate_permissions": [],
                "key_permissions": [],
                "object_id": "e9464401-0504-48ff-9770-924eba61cbd0",
                "secret_permissions": [
                  "Backup",
                  "Delete",
                  "Get",
                  "List",
                  "Purge",
                  "Recover",
                  "Restore",
                  "Set"
                ],
                "storage_permissions": [],
                "tenant_id": "97e1982b-375c-460e-9071-9067de86388b"
              }
            ],
            "contact": [],
            "enable_rbac_authorization": false,
            "enabled_for_deployment": false,
            "enabled_for_disk_encryption": false,
            "enabled_for_template_deployment": false,
            "id": "/subscriptions/9adfbd6b-ffad-4b7c-9c0d-dd74a69d600d/resourceGroups/rg-ep3-7cxaifxb/providers/Microsoft.KeyVault/vaults/kv-ep3-7cxaifxb",
            "location": "eastus",
            "name": "kv-ep3-7cxaifxb",
            "network_acls": [
              {
                "bypass": "AzureServices",
                "default_action": "Allow",
                "ip_rules": [],
                "virtual_network_subnet_ids": []
              }
            ],
            "public_network_access_enabled": true,
            "purge_protection_enabled": false,
            "resource_group_name": "rg-ep3-7cxaifxb",
            "sku_name": "standard",
            "soft_delete_retention_days": 90,
            "tags": {},
            "tenant_id": "97e1982b-375c-460e-9071-9067de86388b",
            "timeouts": null,
            "vault_uri": "https://kv-ep3-7cxaifxb.vault.azure.net/"
          },
          "sensitive_attributes": [],
          "private": "eyJlMmJmYjczMC1lY2FhLTExZTYtOGY4OC0zNDM2M2JjN2M0YzAiOnsiY3JlYXRlIjoxODAwMDAwMDAwMDAwLCJkZWxldGUiOjE4MDAwMDAwMDAwMDAsInJlYWQiOjMwMDAwMDAwMDAwMCwidXBkYXRlIjoxODAwMDAwMDAwMDAwfSwic2NoZW1hX3ZlcnNpb24iOiIyIn0=",
          "dependencies": [
            "azurerm_resource_group.main",
            "data.azurerm_client_config.current",
            "random_string.main"
          ]
        }
      ]
    },
    {
      "mode": "managed",
      "type": "azurerm_key_vault_access_policy",
      "name": "terraform_user",
      "provider": "provider[\"registry.terraform.io/hashicorp/azurerm\"]",
      "instances": [
        {
          "schema_version": 0,
          "attributes": {
            "application_id": "",
            "certificate_permissions": [],
            "id": "/subscriptions/9adfbd6b-ffad-4b7c-9c0d-dd74a69d600d/resourceGroups/rg-ep3-7cxaifxb/providers/Microsoft.KeyVault/vaults/kv-ep3-7cxaifxb/objectId/e9464401-0504-48ff-9770-924eba61cbd0",
            "key_permissions": [],
            "key_vault_id": "/subscriptions/9adfbd6b-ffad-4b7c-9c0d-dd74a69d600d/resourceGroups/rg-ep3-7cxaifxb/providers/Microsoft.KeyVault/vaults/kv-ep3-7cxaifxb",
            "object_id": "e9464401-0504-48ff-9770-924eba61cbd0",
            "secret_permissions": [
              "Backup",
              "Delete",
              "Get",
              "List",
              "Purge",
              "Recover",
              "Restore",
              "Set"
            ],
            "storage_permissions": [],
            "tenant_id": "97e1982b-375c-460e-9071-9067de86388b",
            "timeouts": null
          },
          "sensitive_attributes": [],
          "private": "eyJlMmJmYjczMC1lY2FhLTExZTYtOGY4OC0zNDM2M2JjN2M0YzAiOnsiY3JlYXRlIjoxODAwMDAwMDAwMDAwLCJkZWxldGUiOjE4MDAwMDAwMDAwMDAsInJlYWQiOjMwMDAwMDAwMDAwMCwidXBkYXRlIjoxODAwMDAwMDAwMDAwfX0=",
          "dependencies": [
            "azurerm_key_vault.main",
            "azurerm_resource_group.main",
            "data.azurerm_client_config.current",
            "random_string.main"
          ]
        }
      ]
    },
    {
      "mode": "managed",
      "type": "azurerm_key_vault_secret",
      "name": "ssh_private_key",
      "provider": "provider[\"registry.terraform.io/hashicorp/azurerm\"]",
      "instances": [
        {
          "schema_version": 0,
          "attributes": {
            "content_type": "",
            "expiration_date": null,
            "id": "https://kv-ep3-7cxaifxb.vault.azure.net/secrets/ssh-private/76cb7ea95aa54703907feaa974de4583",
            "key_vault_id": "/subscriptions/9adfbd6b-ffad-4b7c-9c0d-dd74a69d600d/resourceGroups/rg-ep3-7cxaifxb/providers/Microsoft.KeyVault/vaults/kv-ep3-7cxaifxb",
            "name": "ssh-private",
            "not_before_date": null,
            "resource_id": "/subscriptions/9adfbd6b-ffad-4b7c-9c0d-dd74a69d600d/resourceGroups/rg-ep3-7cxaifxb/providers/Microsoft.KeyVault/vaults/kv-ep3-7cxaifxb/secrets/ssh-private/versions/76cb7ea95aa54703907feaa974de4583",
            "resource_versionless_id": "/subscriptions/9adfbd6b-ffad-4b7c-9c0d-dd74a69d600d/resourceGroups/rg-ep3-7cxaifxb/providers/Microsoft.KeyVault/vaults/kv-ep3-7cxaifxb/secrets/ssh-private",
            "tags": null,
            "timeouts": null,
            "value": "-----BEGIN RSA PRIVATE KEY-----\nMIIEpAIBAAKCAQEAxpgC2gSeMaHqZjlSXPyAMZ5R42EBc39/Mkjr9YfG2kBeIOMb\n1NZOIWwmOtV9qcPhp52GOcIwOn3BT05V7BcxBBpeFnHI4MpLiDkx0Iz251cillku\nHGrjq4K/qlniO5Q1PiV2ZbqaiRLWSb0CPNvF+VZ/J6QCmpZs7wx5fzeQ5Yv107b8\nWGTF0sqbIVgExkybwq7E28Q3XUtsF7zTjQ8UxaWfBetWat23W6FqZHTTiLcoQcB4\nFqIrA5oOATpHPktJIjl8uCwlknpkHG/ss6jpSAJNVZpG4tD93nJdP4hXh0gqXI4w\nn1IQomDlyOOasbQs/f2injxylRG3rnsrEDaskwIDAQABAoIBAB8Lgl6cnDI8Eo16\nZoK8wjl/e2OlNXnds3+j4KcYW6CgsVZIyoACJGKbKnrGBwfz5CG0wVfkIG/0WrTQ\nFSR8F6CBkrXFgdaKKTaZYk0szCgr+e8w78FngEG+hcHWnUQdDhmx94k9m4zUEgWi\n82eaH5+zwtrqi7Go1EymUZPulssbSD1tNSK4U2P8ujR+9I219Zow1ZVZyys4nNdW\nPFCwThtDh5NhyCWws4bNR77u4TV/+iJn+iPE+x9KEIL7JmG8wiaO4YruHhjjlkYu\ncDn/JoM3+nOQZEvuwXrXXJuD7NT+CMHMc8eX1hJ5504cNlMS8Gg/wwVKCQ0vCyoO\nz71mOBkCgYEAzZDuVo/VGdeOGLpJ1dN4l5K3yh7tvg43trYUcH6nvCaWJXIWDuYm\nRafJcu6kZHkhqfLRavCWXcC/bePX078giZ11Hh5rnUO33PVFQceenOhYkflpo3hz\nC7BJ6bI3w0loFDaOmHbCdbPnAZviWeAH/l42rqkEaP0mowYBBmgTXfUCgYEA91Eq\nYsSaA5Su+UORl85CGtKTDxK2IG1K7hR+V1bAu48NZ6nWo/Yj1fdKX0ETBdPoj918\nhMWD5Ve20qn5cYAjVFzvi8IdqUqYRP24FqIxHdy29WsPyGoQ2S12WiR6RmgiD4F/\nng3u/fNMpNTVw3kb9yvnjigEh3OVafBeHKfKA2cCgYBeqSXHwLYuD0AFDQvhJl96\n1PpDXhi2k09+mLwyzXAqSU6M8ctMkxj+rHQss84J4mnpG8Lpzt4/T/oW/Xuuq22t\nUU/UTcfahIuPeXaqAuV8ddYLamIF//piYIy4y/O3vv7ph/IELXQAxZZT/FewcWTc\n8r+VkIlSW3jGS4Z/T7/TXQKBgQCuppHhJ+d/ids6yf2iD5VdLcGOTm9xXN0iXjSO\nZwQ6L56Oy0B5j1PlQPozZFgTsH82QXoypO0s45GHGWO/RHcul2bO8mlR6Qy5A9eh\nnC5FYV2O2GlP5Z86T0GaDNKQr+8FtjSyIDLbAZrpeCfxH7ChD085c4cnRHeKVaWQ\nZOljFwKBgQDKP0EWpRkSPSdeajlVrsQ+m4CPt42T7zi1RiHaNrb7hP4tNJR2ETUn\ng+dTkdjq5v8QrRWdYLSEbOe23iZ7fr0LDJz061bhDT9cdqXgCaxv8P0yWeGckHom\ntC7zXDZVKNWiAnf1YUIsvBSyRaZU/Kdd47gUIUrlc0cZ9Hie9Ny7Fg==\n-----END RSA PRIVATE KEY-----\n",
            "version": "76cb7ea95aa54703907feaa974de4583",
            "versionless_id": "https://kv-ep3-7cxaifxb.vault.azure.net/secrets/ssh-private"
          },
          "sensitive_attributes": [
            [
              {
                "type": "get_attr",
                "value": "value"
              }
            ]
          ],
          "private": "eyJlMmJmYjczMC1lY2FhLTExZTYtOGY4OC0zNDM2M2JjN2M0YzAiOnsiY3JlYXRlIjoxODAwMDAwMDAwMDAwLCJkZWxldGUiOjE4MDAwMDAwMDAwMDAsInJlYWQiOjE4MDAwMDAwMDAwMDAsInVwZGF0ZSI6MTgwMDAwMDAwMDAwMH19",
          "dependencies": [
            "azurerm_key_vault.main",
            "tls_private_key.main"
          ]
        }
      ]
    },
    {
      "mode": "managed",
      "type": "azurerm_key_vault_secret",
      "name": "ssh_public_key",
      "provider": "provider[\"registry.terraform.io/hashicorp/azurerm\"]",
      "instances": [
        {
          "schema_version": 0,
          "attributes": {
            "content_type": "",
            "expiration_date": null,
            "id": "https://kv-ep3-7cxaifxb.vault.azure.net/secrets/ssh-public/4bcfaec6587c42998a25035426f8113a",
            "key_vault_id": "/subscriptions/9adfbd6b-ffad-4b7c-9c0d-dd74a69d600d/resourceGroups/rg-ep3-7cxaifxb/providers/Microsoft.KeyVault/vaults/kv-ep3-7cxaifxb",
            "name": "ssh-public",
            "not_before_date": null,
            "resource_id": "/subscriptions/9adfbd6b-ffad-4b7c-9c0d-dd74a69d600d/resourceGroups/rg-ep3-7cxaifxb/providers/Microsoft.KeyVault/vaults/kv-ep3-7cxaifxb/secrets/ssh-public/versions/4bcfaec6587c42998a25035426f8113a",
            "resource_versionless_id": "/subscriptions/9adfbd6b-ffad-4b7c-9c0d-dd74a69d600d/resourceGroups/rg-ep3-7cxaifxb/providers/Microsoft.KeyVault/vaults/kv-ep3-7cxaifxb/secrets/ssh-public",
            "tags": null,
            "timeouts": null,
            "value": "ssh-rsa AAAAB3NzaC1yc2EAAAADAQABAAABAQDGmALaBJ4xoepmOVJc/IAxnlHjYQFzf38ySOv1h8baQF4g4xvU1k4hbCY61X2pw+GnnYY5wjA6fcFPTlXsFzEEGl4WccjgykuIOTHQjPbnVyKWWS4cauOrgr+qWeI7lDU+JXZlupqJEtZJvQI828X5Vn8npAKalmzvDHl/N5Dli/XTtvxYZMXSypshWATGTJvCrsTbxDddS2wXvNONDxTFpZ8F61Zq3bdboWpkdNOItyhBwHgWoisDmg4BOkc+S0kiOXy4LCWSemQcb+yzqOlIAk1Vmkbi0P3ecl0/iFeHSCpcjjCfUhCiYOXI45qxtCz9/aKePHKVEbeueysQNqyT\n",
            "version": "4bcfaec6587c42998a25035426f8113a",
            "versionless_id": "https://kv-ep3-7cxaifxb.vault.azure.net/secrets/ssh-public"
          },
          "sensitive_attributes": [],
          "private": "eyJlMmJmYjczMC1lY2FhLTExZTYtOGY4OC0zNDM2M2JjN2M0YzAiOnsiY3JlYXRlIjoxODAwMDAwMDAwMDAwLCJkZWxldGUiOjE4MDAwMDAwMDAwMDAsInJlYWQiOjE4MDAwMDAwMDAwMDAsInVwZGF0ZSI6MTgwMDAwMDAwMDAwMH19",
          "dependencies": [
            "azurerm_key_vault.main",
            "tls_private_key.main"
          ]
        }
      ]
    },
    {
      "mode": "managed",
      "type": "azurerm_resource_group",
      "name": "main",
      "provider": "provider[\"registry.terraform.io/hashicorp/azurerm\"]",
      "instances": [
        {
          "schema_version": 0,
          "attributes": {
            "id": "/subscriptions/9adfbd6b-ffad-4b7c-9c0d-dd74a69d600d/resourceGroups/rg-ep3-7cxaifxb",
            "location": "eastus",
            "name": "rg-ep3-7cxaifxb",
            "tags": {},
            "timeouts": null
          },
          "sensitive_attributes": [],
          "private": "eyJlMmJmYjczMC1lY2FhLTExZTYtOGY4OC0zNDM2M2JjN2M0YzAiOnsiY3JlYXRlIjo1NDAwMDAwMDAwMDAwLCJkZWxldGUiOjU0MDAwMDAwMDAwMDAsInJlYWQiOjMwMDAwMDAwMDAwMCwidXBkYXRlIjo1NDAwMDAwMDAwMDAwfX0=",
          "dependencies": [
            "random_string.main"
          ]
        }
      ]
    },
    {
      "mode": "managed",
      "type": "random_string",
      "name": "main",
      "provider": "provider[\"registry.terraform.io/hashicorp/random\"]",
      "instances": [
        {
          "schema_version": 2,
          "attributes": {
            "id": "7cxaifxb",
            "keepers": null,
            "length": 8,
            "lower": true,
            "min_lower": 0,
            "min_numeric": 0,
            "min_special": 0,
            "min_upper": 0,
            "number": true,
            "numeric": true,
            "override_special": null,
            "result": "7cxaifxb",
            "special": false,
            "upper": false
          },
          "sensitive_attributes": []
        }
      ]
    },
    {
      "mode": "managed",
      "type": "tls_private_key",
      "name": "main",
      "provider": "provider[\"registry.terraform.io/hashicorp/tls\"]",
      "instances": [
        {
          "schema_version": 1,
          "attributes": {
            "algorithm": "RSA",
            "ecdsa_curve": "P224",
            "id": "918c635cec872e9eb31a5b714183f2d8416028f8",
            "private_key_openssh": "-----BEGIN OPENSSH PRIVATE KEY-----\nb3BlbnNzaC1rZXktdjEAAAAABG5vbmUAAAAEbm9uZQAAAAAAAAABAAABFwAAAAdz\nc2gtcnNhAAAAAwEAAQAAAQEAxpgC2gSeMaHqZjlSXPyAMZ5R42EBc39/Mkjr9YfG\n2kBeIOMb1NZOIWwmOtV9qcPhp52GOcIwOn3BT05V7BcxBBpeFnHI4MpLiDkx0Iz2\n51cillkuHGrjq4K/qlniO5Q1PiV2ZbqaiRLWSb0CPNvF+VZ/J6QCmpZs7wx5fzeQ\n5Yv107b8WGTF0sqbIVgExkybwq7E28Q3XUtsF7zTjQ8UxaWfBetWat23W6FqZHTT\niLcoQcB4FqIrA5oOATpHPktJIjl8uCwlknpkHG/ss6jpSAJNVZpG4tD93nJdP4hX\nh0gqXI4wn1IQomDlyOOasbQs/f2injxylRG3rnsrEDaskwAAA7hW63TPVut0zwAA\nAAdzc2gtcnNhAAABAQDGmALaBJ4xoepmOVJc/IAxnlHjYQFzf38ySOv1h8baQF4g\n4xvU1k4hbCY61X2pw+GnnYY5wjA6fcFPTlXsFzEEGl4WccjgykuIOTHQjPbnVyKW\nWS4cauOrgr+qWeI7lDU+JXZlupqJEtZJvQI828X5Vn8npAKalmzvDHl/N5Dli/XT\ntvxYZMXSypshWATGTJvCrsTbxDddS2wXvNONDxTFpZ8F61Zq3bdboWpkdNOItyhB\nwHgWoisDmg4BOkc+S0kiOXy4LCWSemQcb+yzqOlIAk1Vmkbi0P3ecl0/iFeHSCpc\njjCfUhCiYOXI45qxtCz9/aKePHKVEbeueysQNqyTAAAAAwEAAQAAAQAfC4JenJwy\nPBKNemaCvMI5f3tjpTV53bN/o+CnGFugoLFWSMqAAiRimyp6xgcH8+QhtMFX5CBv\n9Fq00BUkfBeggZK1xYHWiik2mWJNLMwoK/nvMO/BZ4BBvoXB1p1EHQ4ZsfeJPZuM\n1BIFovNnmh+fs8La6ouxqNRMplGT7pbLG0g9bTUiuFNj/Lo0fvSNtfWaMNWVWcsr\nOJzXVjxQsE4bQ4eTYcglsLOGzUe+7uE1f/oiZ/ojxPsfShCC+yZhvMImjuGK7h4Y\n45ZGLnA5/yaDN/pzkGRL7sF611ybg+zU/gjBzHPHl9YSeedOHDZTEvBoP8MFSgkN\nLwsqDs+9ZjgZAAAAgQDKP0EWpRkSPSdeajlVrsQ+m4CPt42T7zi1RiHaNrb7hP4t\nNJR2ETUng+dTkdjq5v8QrRWdYLSEbOe23iZ7fr0LDJz061bhDT9cdqXgCaxv8P0y\nWeGckHomtC7zXDZVKNWiAnf1YUIsvBSyRaZU/Kdd47gUIUrlc0cZ9Hie9Ny7FgAA\nAIEAzZDuVo/VGdeOGLpJ1dN4l5K3yh7tvg43trYUcH6nvCaWJXIWDuYmRafJcu6k\nZHkhqfLRavCWXcC/bePX078giZ11Hh5rnUO33PVFQceenOhYkflpo3hzC7BJ6bI3\nw0loFDaOmHbCdbPnAZviWeAH/l42rqkEaP0mowYBBmgTXfUAAACBAPdRKmLEmgOU\nrvlDkZfOQhrSkw8StiBtSu4UfldWwLuPDWep1qP2I9X3Sl9BEwXT6I/dfITFg+VX\nttKp+XGAI1Rc74vCHalKmET9uBaiMR3ctvVrD8hqENktdlokekZoIg+Bf54N7v3z\nTKTU1cN5G/cr544oBIdzlWnwXhynygNnAAAAAAEC\n-----END OPENSSH PRIVATE KEY-----\n",
            "private_key_pem": "-----BEGIN RSA PRIVATE KEY-----\nMIIEpAIBAAKCAQEAxpgC2gSeMaHqZjlSXPyAMZ5R42EBc39/Mkjr9YfG2kBeIOMb\n1NZOIWwmOtV9qcPhp52GOcIwOn3BT05V7BcxBBpeFnHI4MpLiDkx0Iz251cillku\nHGrjq4K/qlniO5Q1PiV2ZbqaiRLWSb0CPNvF+VZ/J6QCmpZs7wx5fzeQ5Yv107b8\nWGTF0sqbIVgExkybwq7E28Q3XUtsF7zTjQ8UxaWfBetWat23W6FqZHTTiLcoQcB4\nFqIrA5oOATpHPktJIjl8uCwlknpkHG/ss6jpSAJNVZpG4tD93nJdP4hXh0gqXI4w\nn1IQomDlyOOasbQs/f2injxylRG3rnsrEDaskwIDAQABAoIBAB8Lgl6cnDI8Eo16\nZoK8wjl/e2OlNXnds3+j4KcYW6CgsVZIyoACJGKbKnrGBwfz5CG0wVfkIG/0WrTQ\nFSR8F6CBkrXFgdaKKTaZYk0szCgr+e8w78FngEG+hcHWnUQdDhmx94k9m4zUEgWi\n82eaH5+zwtrqi7Go1EymUZPulssbSD1tNSK4U2P8ujR+9I219Zow1ZVZyys4nNdW\nPFCwThtDh5NhyCWws4bNR77u4TV/+iJn+iPE+x9KEIL7JmG8wiaO4YruHhjjlkYu\ncDn/JoM3+nOQZEvuwXrXXJuD7NT+CMHMc8eX1hJ5504cNlMS8Gg/wwVKCQ0vCyoO\nz71mOBkCgYEAzZDuVo/VGdeOGLpJ1dN4l5K3yh7tvg43trYUcH6nvCaWJXIWDuYm\nRafJcu6kZHkhqfLRavCWXcC/bePX078giZ11Hh5rnUO33PVFQceenOhYkflpo3hz\nC7BJ6bI3w0loFDaOmHbCdbPnAZviWeAH/l42rqkEaP0mowYBBmgTXfUCgYEA91Eq\nYsSaA5Su+UORl85CGtKTDxK2IG1K7hR+V1bAu48NZ6nWo/Yj1fdKX0ETBdPoj918\nhMWD5Ve20qn5cYAjVFzvi8IdqUqYRP24FqIxHdy29WsPyGoQ2S12WiR6RmgiD4F/\nng3u/fNMpNTVw3kb9yvnjigEh3OVafBeHKfKA2cCgYBeqSXHwLYuD0AFDQvhJl96\n1PpDXhi2k09+mLwyzXAqSU6M8ctMkxj+rHQss84J4mnpG8Lpzt4/T/oW/Xuuq22t\nUU/UTcfahIuPeXaqAuV8ddYLamIF//piYIy4y/O3vv7ph/IELXQAxZZT/FewcWTc\n8r+VkIlSW3jGS4Z/T7/TXQKBgQCuppHhJ+d/ids6yf2iD5VdLcGOTm9xXN0iXjSO\nZwQ6L56Oy0B5j1PlQPozZFgTsH82QXoypO0s45GHGWO/RHcul2bO8mlR6Qy5A9eh\nnC5FYV2O2GlP5Z86T0GaDNKQr+8FtjSyIDLbAZrpeCfxH7ChD085c4cnRHeKVaWQ\nZOljFwKBgQDKP0EWpRkSPSdeajlVrsQ+m4CPt42T7zi1RiHaNrb7hP4tNJR2ETUn\ng+dTkdjq5v8QrRWdYLSEbOe23iZ7fr0LDJz061bhDT9cdqXgCaxv8P0yWeGckHom\ntC7zXDZVKNWiAnf1YUIsvBSyRaZU/Kdd47gUIUrlc0cZ9Hie9Ny7Fg==\n-----END RSA PRIVATE KEY-----\n",
            "private_key_pem_pkcs8": "-----BEGIN PRIVATE KEY-----\nMIIEvgIBADANBgkqhkiG9w0BAQEFAASCBKgwggSkAgEAAoIBAQDGmALaBJ4xoepm\nOVJc/IAxnlHjYQFzf38ySOv1h8baQF4g4xvU1k4hbCY61X2pw+GnnYY5wjA6fcFP\nTlXsFzEEGl4WccjgykuIOTHQjPbnVyKWWS4cauOrgr+qWeI7lDU+JXZlupqJEtZJ\nvQI828X5Vn8npAKalmzvDHl/N5Dli/XTtvxYZMXSypshWATGTJvCrsTbxDddS2wX\nvNONDxTFpZ8F61Zq3bdboWpkdNOItyhBwHgWoisDmg4BOkc+S0kiOXy4LCWSemQc\nb+yzqOlIAk1Vmkbi0P3ecl0/iFeHSCpcjjCfUhCiYOXI45qxtCz9/aKePHKVEbeu\neysQNqyTAgMBAAECggEAHwuCXpycMjwSjXpmgrzCOX97Y6U1ed2zf6PgpxhboKCx\nVkjKgAIkYpsqesYHB/PkIbTBV+Qgb/RatNAVJHwXoIGStcWB1oopNpliTSzMKCv5\n7zDvwWeAQb6FwdadRB0OGbH3iT2bjNQSBaLzZ5ofn7PC2uqLsajUTKZRk+6WyxtI\nPW01IrhTY/y6NH70jbX1mjDVlVnLKzic11Y8ULBOG0OHk2HIJbCzhs1Hvu7hNX/6\nImf6I8T7H0oQgvsmYbzCJo7hiu4eGOOWRi5wOf8mgzf6c5BkS+7Betdcm4Ps1P4I\nwcxzx5fWEnnnThw2UxLwaD/DBUoJDS8LKg7PvWY4GQKBgQDNkO5Wj9UZ144YuknV\n03iXkrfKHu2+Dje2thRwfqe8JpYlchYO5iZFp8ly7qRkeSGp8tFq8JZdwL9t49fT\nvyCJnXUeHmudQ7fc9UVBx56c6FiR+WmjeHMLsEnpsjfDSWgUNo6YdsJ1s+cBm+JZ\n4Af+XjauqQRo/SajBgEGaBNd9QKBgQD3USpixJoDlK75Q5GXzkIa0pMPErYgbUru\nFH5XVsC7jw1nqdaj9iPV90pfQRMF0+iP3XyExYPlV7bSqflxgCNUXO+Lwh2pSphE\n/bgWojEd3Lb1aw/IahDZLXZaJHpGaCIPgX+eDe7980yk1NXDeRv3K+eOKASHc5Vp\n8F4cp8oDZwKBgF6pJcfAti4PQAUNC+EmX3rU+kNeGLaTT36YvDLNcCpJTozxy0yT\nGP6sdCyzzgniaekbwunO3j9P+hb9e66rba1RT9RNx9qEi495dqoC5Xx11gtqYgX/\n+mJgjLjL87e+/umH8gQtdADFllP8V7BxZNzyv5WQiVJbeMZLhn9Pv9NdAoGBAK6m\nkeEn53+J2zrJ/aIPlV0twY5Ob3Fc3SJeNI5nBDovno7LQHmPU+VA+jNkWBOwfzZB\nejKk7SzjkYcZY79Edy6XZs7yaVHpDLkD16GcLkVhXY7YaU/lnzpPQZoM0pCv7wW2\nNLIgMtsBmul4J/EfsKEPTzlzhydEd4pVpZBk6WMXAoGBAMo/QRalGRI9J15qOVWu\nxD6bgI+3jZPvOLVGIdo2tvuE/i00lHYRNSeD51OR2Orm/xCtFZ1gtIRs57beJnt+\nvQsMnPTrVuENP1x2peAJrG/w/TJZ4ZyQeia0LvNcNlUo1aICd/VhQiy8FLJFplT8\np13juBQhSuVzRxn0eJ703LsW\n-----END PRIVATE KEY-----\n",
            "public_key_fingerprint_md5": "74:93:98:39:37:a5:66:dc:5a:5f:be:b7:a7:e6:6e:42",
            "public_key_fingerprint_sha256": "SHA256:Ar7GF8TjbQSeuYK2SRBvQd5lgCKCW/4DJtjUblQOoQ4",
            "public_key_openssh": "ssh-rsa AAAAB3NzaC1yc2EAAAADAQABAAABAQDGmALaBJ4xoepmOVJc/IAxnlHjYQFzf38ySOv1h8baQF4g4xvU1k4hbCY61X2pw+GnnYY5wjA6fcFPTlXsFzEEGl4WccjgykuIOTHQjPbnVyKWWS4cauOrgr+qWeI7lDU+JXZlupqJEtZJvQI828X5Vn8npAKalmzvDHl/N5Dli/XTtvxYZMXSypshWATGTJvCrsTbxDddS2wXvNONDxTFpZ8F61Zq3bdboWpkdNOItyhBwHgWoisDmg4BOkc+S0kiOXy4LCWSemQcb+yzqOlIAk1Vmkbi0P3ecl0/iFeHSCpcjjCfUhCiYOXI45qxtCz9/aKePHKVEbeueysQNqyT\n",
            "public_key_pem": "-----BEGIN PUBLIC KEY-----\nMIIBIjANBgkqhkiG9w0BAQEFAAOCAQ8AMIIBCgKCAQEAxpgC2gSeMaHqZjlSXPyA\nMZ5R42EBc39/Mkjr9YfG2kBeIOMb1NZOIWwmOtV9qcPhp52GOcIwOn3BT05V7Bcx\nBBpeFnHI4MpLiDkx0Iz251cillkuHGrjq4K/qlniO5Q1PiV2ZbqaiRLWSb0CPNvF\n+VZ/J6QCmpZs7wx5fzeQ5Yv107b8WGTF0sqbIVgExkybwq7E28Q3XUtsF7zTjQ8U\nxaWfBetWat23W6FqZHTTiLcoQcB4FqIrA5oOATpHPktJIjl8uCwlknpkHG/ss6jp\nSAJNVZpG4tD93nJdP4hXh0gqXI4wn1IQomDlyOOasbQs/f2injxylRG3rnsrEDas\nkwIDAQAB\n-----END PUBLIC KEY-----\n",
            "rsa_bits": 2048
          },
          "sensitive_attributes": []
        }
      ]
    }
  ],
  "check_results": null
}
